<?xml version="1.0" encoding="utf-8"?>
<Project ToolsVersion="4.0" xmlns="http://schemas.microsoft.com/developer/msbuild/2003">
  <ItemGroup>
    <Filter Include="Source Files">
      <UniqueIdentifier>{4FC737F1-C7A5-4376-A066-2A32D752A2FF}</UniqueIdentifier>
      <Extensions>cpp;c;cc;cxx;c++;cppm;ixx;def;odl;idl;hpj;bat;asm;asmx</Extensions>
    </Filter>
    <Filter Include="Header Files">
      <UniqueIdentifier>{93995380-89BD-4b04-88EB-625FBE52EBFB}</UniqueIdentifier>
      <Extensions>h;hh;hpp;hxx;h++;hm;inl;inc;ipp;xsd</Extensions>
    </Filter>
    <Filter Include="Resource Files">
      <UniqueIdentifier>{67DA6AB6-F800-4c08-8B7A-83BB121AAD01}</UniqueIdentifier>
      <Extensions>rc;ico;cur;bmp;dlg;rc2;rct;bin;rgs;gif;jpg;jpeg;jpe;resx;tiff;tif;png;wav;mfcribbon-ms</Extensions>
    </Filter>
  </ItemGroup>
  <ItemGroup>
    <ClCompile Include="..\..\C++_option_pricer\AmericanCallOption.cpp">
      <Filter>Source Files</Filter>
    </ClCompile>
    <ClCompile Include="..\..\C++_option_pricer\AmericanPutOption.cpp">
      <Filter>Source Files</Filter>
    </ClCompile>
    <ClCompile Include="..\..\C++_option_pricer\AsianCallOption.cpp">
      <Filter>Source Files</Filter>
    </ClCompile>
    <ClCompile Include="..\..\C++_option_pricer\AsianPutOption.cpp">
      <Filter>Source Files</Filter>
    </ClCompile>
    <ClCompile Include="..\..\C++_option_pricer\BinaryTree.cpp">
      <Filter>Source Files</Filter>
    </ClCompile>
    <ClCompile Include="..\..\C++_option_pricer\BlackScholesMCPricer.cpp">
      <Filter>Source Files</Filter>
    </ClCompile>
    <ClCompile Include="..\..\C++_option_pricer\BlackScholesPricer.cpp">
      <Filter>Source Files</Filter>
    </ClCompile>
    <ClCompile Include="..\..\C++_option_pricer\CallOption.cpp">
      <Filter>Source Files</Filter>
    </ClCompile>
    <ClCompile Include="..\..\C++_option_pricer\CRRPricer.cpp">
      <Filter>Source Files</Filter>
    </ClCompile>
    <ClCompile Include="..\..\C++_option_pricer\EuropeanDigitalCallOption.cpp">
      <Filter>Source Files</Filter>
    </ClCompile>
    <ClCompile Include="..\..\C++_option_pricer\EuropeanDigitalOption.cpp">
      <Filter>Source Files</Filter>
    </ClCompile>
    <ClCompile Include="..\..\C++_option_pricer\EuropeanDigitalPutOption.cpp">
      <Filter>Source Files</Filter>
    </ClCompile>
    <ClCompile Include="..\..\C++_option_pricer\main.cpp">
      <Filter>Source Files</Filter>
    </ClCompile>
    <ClCompile Include="..\..\C++_option_pricer\MT.cpp">
      <Filter>Source Files</Filter>
    </ClCompile>
    <ClCompile Include="..\..\C++_option_pricer\Option.cpp">
      <Filter>Source Files</Filter>
    </ClCompile>
    <ClCompile Include="..\..\C++_option_pricer\PutOption.cpp">
      <Filter>Source Files</Filter>
    </ClCompile>
  </ItemGroup>
  <ItemGroup>
    <ClInclude Include="..\..\C++_option_pricer\AmericanCallOption.h">
      <Filter>Header Files</Filter>
    </ClInclude>
    <ClInclude Include="..\..\C++_option_pricer\AmericanPutOption.h">
      <Filter>Header Files</Filter>
    </ClInclude>
    <ClInclude Include="..\..\C++_option_pricer\AsianCallOption.h">
      <Filter>Header Files</Filter>
    </ClInclude>
    <ClInclude Include="..\..\C++_option_pricer\AsianPutOption.h">
      <Filter>Header Files</Filter>
    </ClInclude>
    <ClInclude Include="..\..\C++_option_pricer\BinaryTree.h">
      <Filter>Header Files</Filter>
    </ClInclude>
    <ClInclude Include="..\..\C++_option_pricer\BlackScholesMCPricer.h">
      <Filter>Header Files</Filter>
    </ClInclude>
    <ClInclude Include="..\..\C++_option_pricer\BlackScholesPricer.h">
      <Filter>Header Files</Filter>
    </ClInclude>
    <ClInclude Include="..\..\C++_option_pricer\CallOption.h">
      <Filter>Header Files</Filter>
    </ClInclude>
    <ClInclude Include="..\..\C++_option_pricer\CRRPricer.h">
      <Filter>Header Files</Filter>
    </ClInclude>
    <ClInclude Include="..\..\C++_option_pricer\EuropeanDigitalCallOption.h">
      <Filter>Header Files</Filter>
    </ClInclude>
    <ClInclude Include="..\..\C++_option_pricer\EuropeanDigitalOption.h">
      <Filter>Header Files</Filter>
    </ClInclude>
    <ClInclude Include="..\..\C++_option_pricer\EuropeanDigitalPutOption.h">
      <Filter>Header Files</Filter>
    </ClInclude>
    <ClInclude Include="..\..\C++_option_pricer\MT.h">
      <Filter>Header Files</Filter>
    </ClInclude>
    <ClInclude Include="..\..\C++_option_pricer\Option.h">
      <Filter>Header Files</Filter>
    </ClInclude>
    <ClInclude Include="..\..\C++_option_pricer\PutOption.h">
      <Filter>Header Files</Filter>
    </ClInclude>
  </ItemGroup>
</Project>